
Microsoft Visual Studio Solution File, Format Version 12.00
Project("{FAE04EC0-301F-11D3-BF4B-00C04F79EFBC}") = "CatacombNoops", "CatacombNoops\CatacombNoops.csproj", "{3D453A78-DA12-4EA9-BB5D-7060396BC01E}"
EndProject
Global
	GlobalSection(SolutionConfigurationPlatforms) = preSolution
		Debug|Any CPU = Debug|Any CPU
		Release|Any CPU = Release|Any CPU
	EndGlobalSection
	GlobalSection(ProjectConfigurationPlatforms) = postSolution
		{3D453A78-DA12-4EA9-BB5D-7060396BC01E}.Debug|Any CPU.ActiveCfg = Debug|Any CPU
		{3D453A78-DA12-4EA9-BB5D-7060396BC01E}.Debug|Any CPU.Build.0 = Debug|Any CPU
		{3D453A78-DA12-4EA9-BB5D-7060396BC01E}.Release|Any CPU.ActiveCfg = Release|Any CPU
		{3D453A78-DA12-4EA9-BB5D-7060396BC01E}.Release|Any CPU.Build.0 = Release|Any CPU
	EndGlobalSection
EndGlobal
